{
  "version": 4,
  "terraform_version": "0.15.5",
  "serial": 211,
  "lineage": "ad6c0177-7a5e-ceda-c186-c1b949febfbf",
  "outputs": {},
  "resources": [
    {
      "mode": "data",
      "type": "archive_file",
      "name": "client",
      "provider": "provider[\"registry.terraform.io/hashicorp/archive\"]",
      "instances": [
        {
          "schema_version": 0,
          "attributes": {
            "excludes": [
              ".git",
              "node_modules",
              "terraform",
              "tests"
            ],
            "id": "38d670a2fdf384ae5adb26bf6cb2f40b4a12c499",
            "output_base64sha256": "UTzNjNDm1IY9e/oVibnCcEGREaQKsJk4WQVDRa7MTZg=",
            "output_file_mode": null,
            "output_md5": "08b90bbc4cc89f267963334b834c5e80",
            "output_path": "sources/my-budget-pipauls-client-2021-06-23T08:01:44Z.zip",
            "output_sha": "38d670a2fdf384ae5adb26bf6cb2f40b4a12c499",
            "output_size": 1121822,
            "source": [],
            "source_content": null,
            "source_content_filename": null,
            "source_dir": "..",
            "source_file": null,
            "type": "zip"
          },
          "sensitive_attributes": []
        }
      ]
    },
    {
      "mode": "managed",
      "type": "google_app_engine_application_url_dispatch_rules",
      "name": "web_service",
      "provider": "provider[\"registry.terraform.io/hashicorp/google\"]",
      "instances": [
        {
          "schema_version": 0,
          "attributes": {
            "dispatch_rules": [
              {
                "domain": "budget.pipauls.com",
                "path": "/*",
                "service": "client"
              },
              {
                "domain": "server-dot-mybudgetpipauls.ew.r.appspot.com",
                "path": "/*",
                "service": "server"
              }
            ],
            "id": "mybudgetpipauls",
            "project": "mybudgetpipauls",
            "timeouts": null
          },
          "sensitive_attributes": [],
          "private": "eyJlMmJmYjczMC1lY2FhLTExZTYtOGY4OC0zNDM2M2JjN2M0YzAiOnsiY3JlYXRlIjoyNDAwMDAwMDAwMDAsImRlbGV0ZSI6MjQwMDAwMDAwMDAwLCJ1cGRhdGUiOjI0MDAwMDAwMDAwMH19",
          "dependencies": [
            "data.archive_file.client",
            "google_app_engine_standard_app_version.clientlastversion",
            "google_storage_bucket.bucket",
            "google_storage_bucket_object.object"
          ]
        }
      ]
    },
    {
      "mode": "managed",
      "type": "google_app_engine_service_split_traffic",
      "name": "liveapp",
      "provider": "provider[\"registry.terraform.io/hashicorp/google\"]",
      "instances": [
        {
          "schema_version": 0,
          "attributes": {
            "id": "apps/mybudgetpipauls/services/client",
            "migrate_traffic": true,
            "project": "mybudgetpipauls",
            "service": "client",
            "split": [
              {
                "allocations": {
                  "20210623080147": "1"
                },
                "shard_by": "IP"
              }
            ],
            "timeouts": null
          },
          "sensitive_attributes": [],
          "private": "eyJlMmJmYjczMC1lY2FhLTExZTYtOGY4OC0zNDM2M2JjN2M0YzAiOnsiY3JlYXRlIjoyNDAwMDAwMDAwMDAsImRlbGV0ZSI6MjQwMDAwMDAwMDAwLCJ1cGRhdGUiOjI0MDAwMDAwMDAwMH19",
          "dependencies": [
            "data.archive_file.client",
            "google_app_engine_standard_app_version.clientlastversion",
            "google_storage_bucket.bucket",
            "google_storage_bucket_object.object"
          ]
        }
      ]
    },
    {
      "mode": "managed",
      "type": "google_app_engine_standard_app_version",
      "name": "clientlastversion",
      "provider": "provider[\"registry.terraform.io/hashicorp/google\"]",
      "instances": [
        {
          "schema_version": 0,
          "attributes": {
            "automatic_scaling": [],
            "basic_scaling": [],
            "delete_service_on_destroy": true,
            "deployment": [
              {
                "files": [],
                "zip": [
                  {
                    "files_count": 0,
                    "source_url": "https://storage.googleapis.com/appengine-sources/my-budget-builder-client-2021-06-23T08:01:44Z.zip"
                  }
                ]
              }
            ],
            "entrypoint": [],
            "env_variables": {
              "port": "8080"
            },
            "handlers": [
              {
                "auth_fail_action": "AUTH_FAIL_ACTION_REDIRECT",
                "login": "LOGIN_OPTIONAL",
                "redirect_http_response_code": "",
                "script": [],
                "security_level": "SECURE_OPTIONAL",
                "static_files": [
                  {
                    "application_readable": false,
                    "expiration": "0s",
                    "http_headers": {},
                    "mime_type": "",
                    "path": "dist/\\1",
                    "require_matching_file": false,
                    "upload_path_regex": "dist/(.*\\..+)$"
                  }
                ],
                "url_regex": "/(.*\\..+)$"
              },
              {
                "auth_fail_action": "AUTH_FAIL_ACTION_REDIRECT",
                "login": "LOGIN_OPTIONAL",
                "redirect_http_response_code": "",
                "script": [],
                "security_level": "SECURE_OPTIONAL",
                "static_files": [
                  {
                    "application_readable": false,
                    "expiration": "0s",
                    "http_headers": {},
                    "mime_type": "",
                    "path": "dist/index.html",
                    "require_matching_file": false,
                    "upload_path_regex": "dist/index.html"
                  }
                ],
                "url_regex": "/.*"
              },
              {
                "auth_fail_action": "AUTH_FAIL_ACTION_REDIRECT",
                "login": "LOGIN_OPTIONAL",
                "redirect_http_response_code": "",
                "script": [
                  {
                    "script_path": "auto"
                  }
                ],
                "security_level": "SECURE_OPTIONAL",
                "static_files": [],
                "url_regex": ".*"
              }
            ],
            "id": "apps/mybudgetpipauls/services/client/versions/20210623080147",
            "inbound_services": [
              "INBOUND_SERVICE_WARMUP"
            ],
            "instance_class": "F1",
            "libraries": [],
            "manual_scaling": [],
            "name": "apps/mybudgetpipauls/services/client/versions/20210623080147",
            "noop_on_destroy": true,
            "project": "mybudgetpipauls",
            "runtime": "nodejs14",
            "runtime_api_version": "",
            "service": "client",
            "threadsafe": null,
            "timeouts": null,
            "version_id": "20210623080147",
            "vpc_access_connector": []
          },
          "sensitive_attributes": [],
          "private": "eyJlMmJmYjczMC1lY2FhLTExZTYtOGY4OC0zNDM2M2JjN2M0YzAiOnsiY3JlYXRlIjoyNDAwMDAwMDAwMDAsImRlbGV0ZSI6MjQwMDAwMDAwMDAwLCJ1cGRhdGUiOjI0MDAwMDAwMDAwMH19",
          "dependencies": [
            "data.archive_file.client",
            "google_storage_bucket.bucket",
            "google_storage_bucket_object.object"
          ]
        }
      ]
    },
    {
      "mode": "managed",
      "type": "google_compute_network",
      "name": "vpc_network",
      "provider": "provider[\"registry.terraform.io/hashicorp/google\"]",
      "instances": [
        {
          "schema_version": 0,
          "attributes": {
            "auto_create_subnetworks": true,
            "delete_default_routes_on_create": false,
            "description": "",
            "gateway_ipv4": "",
            "id": "projects/mybudgetpipauls/global/networks/main-network",
            "mtu": 0,
            "name": "main-network",
            "project": "mybudgetpipauls",
            "routing_mode": "REGIONAL",
            "self_link": "https://www.googleapis.com/compute/v1/projects/mybudgetpipauls/global/networks/main-network",
            "timeouts": null
          },
          "sensitive_attributes": [],
          "private": "eyJlMmJmYjczMC1lY2FhLTExZTYtOGY4OC0zNDM2M2JjN2M0YzAiOnsiY3JlYXRlIjoyNDAwMDAwMDAwMDAsImRlbGV0ZSI6MjQwMDAwMDAwMDAwLCJ1cGRhdGUiOjI0MDAwMDAwMDAwMH19"
        }
      ]
    },
    {
      "mode": "managed",
      "type": "google_storage_bucket",
      "name": "bucket",
      "provider": "provider[\"registry.terraform.io/hashicorp/google\"]",
      "instances": [
        {
          "schema_version": 0,
          "attributes": {
            "bucket_policy_only": false,
            "cors": [],
            "default_event_based_hold": false,
            "encryption": [],
            "force_destroy": false,
            "id": "appengine-sources",
            "labels": {},
            "lifecycle_rule": [],
            "location": "US",
            "logging": [],
            "name": "appengine-sources",
            "project": "mybudgetpipauls",
            "requester_pays": false,
            "retention_policy": [],
            "self_link": "https://www.googleapis.com/storage/v1/b/appengine-sources",
            "storage_class": "STANDARD",
            "uniform_bucket_level_access": false,
            "url": "gs://appengine-sources",
            "versioning": [],
            "website": []
          },
          "sensitive_attributes": [],
          "private": "eyJzY2hlbWFfdmVyc2lvbiI6IjAifQ=="
        }
      ]
    },
    {
      "mode": "managed",
      "type": "google_storage_bucket_object",
      "name": "object",
      "provider": "provider[\"registry.terraform.io/hashicorp/google\"]",
      "instances": [
        {
          "schema_version": 0,
          "attributes": {
            "bucket": "appengine-sources",
            "cache_control": "",
            "content": null,
            "content_disposition": "",
            "content_encoding": "",
            "content_language": "",
            "content_type": "application/zip",
            "crc32c": "8ksu+g==",
            "detect_md5hash": "CLkLvEzInyZ5YzNLg0xegA==",
            "id": "appengine-sources-my-budget-builder-client-2021-06-23T08:01:44Z.zip",
            "kms_key_name": "",
            "md5hash": "CLkLvEzInyZ5YzNLg0xegA==",
            "media_link": "https://storage.googleapis.com/download/storage/v1/b/appengine-sources/o/my-budget-builder-client-2021-06-23T08:01:44Z.zip?generation=1624435306813469\u0026alt=media",
            "metadata": null,
            "name": "my-budget-builder-client-2021-06-23T08:01:44Z.zip",
            "output_name": "my-budget-builder-client-2021-06-23T08:01:44Z.zip",
            "self_link": "https://www.googleapis.com/storage/v1/b/appengine-sources/o/my-budget-builder-client-2021-06-23T08:01:44Z.zip",
            "source": "sources/my-budget-pipauls-client-2021-06-23T08:01:44Z.zip",
            "storage_class": "STANDARD"
          },
          "sensitive_attributes": [],
          "private": "bnVsbA==",
          "dependencies": [
            "data.archive_file.client",
            "google_storage_bucket.bucket"
          ]
        }
      ]
    }
  ]
}
