{
  "version": 4,
  "terraform_version": "0.15.5",
  "serial": 33,
  "lineage": "ad6c0177-7a5e-ceda-c186-c1b949febfbf",
  "outputs": {},
  "resources": [
    {
      "mode": "data",
      "type": "archive_file",
      "name": "client",
      "provider": "provider[\"registry.terraform.io/hashicorp/archive\"]",
      "instances": [
        {
          "schema_version": 0,
          "attributes": {
            "excludes": [
              "node_modules",
              "terraform"
            ],
            "id": "de59e3cacdf47efae7b9cb235bdb1593da96e7b8",
            "output_base64sha256": "gvaKK/MExF/rBSwCCTvX4ZcPb2LXAntUB/XR5/QurpQ=",
            "output_file_mode": null,
            "output_md5": "df143b7119cabeabffda11efb28aa295",
            "output_path": "sources/my-budget-pipauls-client.zip",
            "output_sha": "de59e3cacdf47efae7b9cb235bdb1593da96e7b8",
            "output_size": 4044638,
            "source": [],
            "source_content": null,
            "source_content_filename": null,
            "source_dir": "..",
            "source_file": null,
            "type": "zip"
          },
          "sensitive_attributes": []
        }
      ]
    },
    {
      "mode": "managed",
      "type": "google_compute_network",
      "name": "vpc_network",
      "provider": "provider[\"registry.terraform.io/hashicorp/google\"]",
      "instances": [
        {
          "schema_version": 0,
          "attributes": {
            "auto_create_subnetworks": true,
            "delete_default_routes_on_create": false,
            "description": "",
            "gateway_ipv4": "",
            "id": "projects/mybudgetpipauls/global/networks/main-network",
            "ipv4_range": null,
            "name": "main-network",
            "project": "mybudgetpipauls",
            "routing_mode": "REGIONAL",
            "self_link": "https://www.googleapis.com/compute/v1/projects/mybudgetpipauls/global/networks/main-network",
            "timeouts": null
          },
          "sensitive_attributes": [],
          "private": "eyJlMmJmYjczMC1lY2FhLTExZTYtOGY4OC0zNDM2M2JjN2M0YzAiOnsiY3JlYXRlIjoyNDAwMDAwMDAwMDAsImRlbGV0ZSI6MjQwMDAwMDAwMDAwLCJ1cGRhdGUiOjI0MDAwMDAwMDAwMH19"
        }
      ]
    },
    {
      "mode": "managed",
      "type": "google_storage_bucket",
      "name": "bucket",
      "provider": "provider[\"registry.terraform.io/hashicorp/google\"]",
      "instances": [
        {
          "schema_version": 0,
          "attributes": {
            "bucket_policy_only": false,
            "cors": [],
            "encryption": [],
            "force_destroy": false,
            "id": "appengine-client-sources",
            "labels": {},
            "lifecycle_rule": [],
            "location": "US",
            "logging": [],
            "name": "appengine-client-sources",
            "project": "mybudgetpipauls",
            "requester_pays": false,
            "retention_policy": [],
            "self_link": "https://www.googleapis.com/storage/v1/b/appengine-client-sources",
            "storage_class": "STANDARD",
            "url": "gs://appengine-client-sources",
            "versioning": [],
            "website": []
          },
          "sensitive_attributes": [],
          "private": "bnVsbA=="
        }
      ]
    },
    {
      "mode": "managed",
      "type": "google_storage_bucket_object",
      "name": "object",
      "provider": "provider[\"registry.terraform.io/hashicorp/google\"]",
      "instances": [
        {
          "schema_version": 0,
          "attributes": {
            "bucket": "appengine-client-sources",
            "cache_control": "",
            "content": null,
            "content_disposition": "",
            "content_encoding": "",
            "content_language": "",
            "content_type": "application/zip",
            "crc32c": "T7HsGA==",
            "detect_md5hash": "3xQ7cRnKvqv/2hHvsoqilQ==",
            "id": "appengine-client-sources-my-budget-builder-client.zip",
            "md5hash": "3xQ7cRnKvqv/2hHvsoqilQ==",
            "name": "my-budget-builder-client.zip",
            "output_name": "my-budget-builder-client.zip",
            "self_link": "https://www.googleapis.com/storage/v1/b/appengine-client-sources/o/my-budget-builder-client.zip",
            "source": "sources/my-budget-pipauls-client.zip",
            "storage_class": "STANDARD"
          },
          "sensitive_attributes": [],
          "private": "bnVsbA==",
          "dependencies": [
            "data.archive_file.client",
            "google_storage_bucket.bucket"
          ]
        }
      ]
    }
  ]
}
