{
  "version": 4,
  "terraform_version": "0.15.5",
  "serial": 54,
  "lineage": "ad6c0177-7a5e-ceda-c186-c1b949febfbf",
  "outputs": {},
  "resources": [
    {
      "mode": "data",
      "type": "archive_file",
      "name": "client",
      "provider": "provider[\"registry.terraform.io/hashicorp/archive\"]",
      "instances": [
        {
          "schema_version": 0,
          "attributes": {
            "excludes": [
              ".git",
              "node_modules",
              "src",
              "static",
              "terraform",
              "tests"
            ],
            "id": "1e70e1da891392c5aff1550d5e91100e334dcc30",
            "output_base64sha256": "uFskaY/38a5PaEdOk4Legn8nGoSO7liCGTXcj6eWPy0=",
            "output_file_mode": null,
            "output_md5": "d584d22c07a40ce3fd12885a2b79f165",
            "output_path": "sources/my-budget-pipauls-client-2021-06-05T20:56:44Z.zip",
            "output_sha": "1e70e1da891392c5aff1550d5e91100e334dcc30",
            "output_size": 909088,
            "source": [],
            "source_content": null,
            "source_content_filename": null,
            "source_dir": "..",
            "source_file": null,
            "type": "zip"
          },
          "sensitive_attributes": []
        }
      ]
    },
    {
      "mode": "managed",
      "type": "google_app_engine_standard_app_version",
      "name": "client",
      "provider": "provider[\"registry.terraform.io/hashicorp/google\"]",
      "instances": [
        {
          "schema_version": 0,
          "attributes": {
            "delete_service_on_destroy": true,
            "deployment": [
              {
                "files": [],
                "zip": [
                  {
                    "files_count": 0,
                    "source_url": "https://storage.googleapis.com/appengine-client-sources/my-budget-builder-client-2021-06-05T20:56:45Z.zip"
                  }
                ]
              }
            ],
            "entrypoint": [],
            "env_variables": {
              "port": "8080"
            },
            "handlers": [],
            "id": "apps/mybudgetpipauls/services/client/versions/v1",
            "instance_class": null,
            "libraries": [],
            "name": "apps/mybudgetpipauls/services/client/versions/v1",
            "noop_on_destroy": false,
            "project": "mybudgetpipauls",
            "runtime": "nodejs14",
            "runtime_api_version": "",
            "service": "client",
            "threadsafe": null,
            "timeouts": null,
            "version_id": "v1"
          },
          "sensitive_attributes": [],
          "private": "eyJlMmJmYjczMC1lY2FhLTExZTYtOGY4OC0zNDM2M2JjN2M0YzAiOnsiY3JlYXRlIjoyNDAwMDAwMDAwMDAsImRlbGV0ZSI6MjQwMDAwMDAwMDAwLCJ1cGRhdGUiOjI0MDAwMDAwMDAwMH19",
          "dependencies": [
            "data.archive_file.client",
            "google_storage_bucket.bucket",
            "google_storage_bucket_object.object"
          ]
        }
      ]
    },
    {
      "mode": "managed",
      "type": "google_compute_network",
      "name": "vpc_network",
      "provider": "provider[\"registry.terraform.io/hashicorp/google\"]",
      "instances": [
        {
          "schema_version": 0,
          "attributes": {
            "auto_create_subnetworks": true,
            "delete_default_routes_on_create": false,
            "description": "",
            "gateway_ipv4": "",
            "id": "projects/mybudgetpipauls/global/networks/main-network",
            "ipv4_range": null,
            "name": "main-network",
            "project": "mybudgetpipauls",
            "routing_mode": "REGIONAL",
            "self_link": "https://www.googleapis.com/compute/v1/projects/mybudgetpipauls/global/networks/main-network",
            "timeouts": null
          },
          "sensitive_attributes": [],
          "private": "eyJlMmJmYjczMC1lY2FhLTExZTYtOGY4OC0zNDM2M2JjN2M0YzAiOnsiY3JlYXRlIjoyNDAwMDAwMDAwMDAsImRlbGV0ZSI6MjQwMDAwMDAwMDAwLCJ1cGRhdGUiOjI0MDAwMDAwMDAwMH19"
        }
      ]
    },
    {
      "mode": "managed",
      "type": "google_storage_bucket",
      "name": "bucket",
      "provider": "provider[\"registry.terraform.io/hashicorp/google\"]",
      "instances": [
        {
          "schema_version": 0,
          "attributes": {
            "bucket_policy_only": false,
            "cors": [],
            "encryption": [],
            "force_destroy": false,
            "id": "appengine-client-sources",
            "labels": {},
            "lifecycle_rule": [],
            "location": "US",
            "logging": [],
            "name": "appengine-client-sources",
            "project": "mybudgetpipauls",
            "requester_pays": false,
            "retention_policy": [],
            "self_link": "https://www.googleapis.com/storage/v1/b/appengine-client-sources",
            "storage_class": "STANDARD",
            "url": "gs://appengine-client-sources",
            "versioning": [],
            "website": []
          },
          "sensitive_attributes": [],
          "private": "bnVsbA=="
        }
      ]
    },
    {
      "mode": "managed",
      "type": "google_storage_bucket_object",
      "name": "object",
      "provider": "provider[\"registry.terraform.io/hashicorp/google\"]",
      "instances": [
        {
          "schema_version": 0,
          "attributes": {
            "bucket": "appengine-client-sources",
            "cache_control": "",
            "content": null,
            "content_disposition": "",
            "content_encoding": "",
            "content_language": "",
            "content_type": "application/zip",
            "crc32c": "CHvLWw==",
            "detect_md5hash": "1YTSLAekDOP9EohaK3nxZQ==",
            "id": "appengine-client-sources-my-budget-builder-client-2021-06-05T20:56:45Z.zip",
            "md5hash": "1YTSLAekDOP9EohaK3nxZQ==",
            "name": "my-budget-builder-client-2021-06-05T20:56:45Z.zip",
            "output_name": "my-budget-builder-client-2021-06-05T20:56:45Z.zip",
            "self_link": "https://www.googleapis.com/storage/v1/b/appengine-client-sources/o/my-budget-builder-client-2021-06-05T20:56:45Z.zip",
            "source": "sources/my-budget-pipauls-client-2021-06-05T20:56:44Z.zip",
            "storage_class": "STANDARD"
          },
          "sensitive_attributes": [],
          "private": "bnVsbA==",
          "dependencies": [
            "data.archive_file.client",
            "google_storage_bucket.bucket"
          ]
        }
      ]
    }
  ]
}
